
Microsoft Visual Studio Solution File, Format Version 12.00
# Visual Studio Version 16
VisualStudioVersion = 16.0.30114.105
MinimumVisualStudioVersion = 10.0.40219.1
Project("{2150E333-8FDC-42A3-9474-1A3956D46DE8}") = "src", "src", "{D44FBE43-F025-4ADF-AC74-E81BCB3AF670}"
EndProject
Project("{2150E333-8FDC-42A3-9474-1A3956D46DE8}") = "services", "services", "{D09B4D7C-ABE7-47FD-95B2-6B6B1A7E9F7E}"
EndProject
Project("{FAE04EC0-301F-11D3-BF4B-00C04F79EFBC}") = "Stor.Inventory", "src\services\Stor.Inventory\Stor.Inventory.csproj", "{A6B15538-2D44-4EBB-AB51-17803B1963EA}"
EndProject
Project("{FAE04EC0-301F-11D3-BF4B-00C04F79EFBC}") = "Stor.Shop", "src\services\Stor.Shop\Stor.Shop.csproj", "{1798FC45-A7CE-4447-B3A7-C567DAC7E32D}"
EndProject
Project("{FAE04EC0-301F-11D3-BF4B-00C04F79EFBC}") = "Stor.Lighthouse", "src\services\Stor.Lighthouse\Stor.Lighthouse.csproj", "{DE1897C4-A337-4BB4-A81C-0559147F51A9}"
EndProject
Project("{2150E333-8FDC-42A3-9474-1A3956D46DE8}") = "shared", "shared", "{57A49104-976C-4234-95DE-3EE21AD11279}"
EndProject
Project("{FAE04EC0-301F-11D3-BF4B-00C04F79EFBC}") = "Stor.Communication", "src\shared\Stor.Communication\Stor.Communication.csproj", "{F5D2A77A-D2FD-43D5-9636-F2FBB84AF87E}"
EndProject
Global
	GlobalSection(SolutionConfigurationPlatforms) = preSolution
		Debug|Any CPU = Debug|Any CPU
		Release|Any CPU = Release|Any CPU
	EndGlobalSection
	GlobalSection(SolutionProperties) = preSolution
		HideSolutionNode = FALSE
	EndGlobalSection
	GlobalSection(ProjectConfigurationPlatforms) = postSolution
		{A6B15538-2D44-4EBB-AB51-17803B1963EA}.Debug|Any CPU.ActiveCfg = Debug|Any CPU
		{A6B15538-2D44-4EBB-AB51-17803B1963EA}.Debug|Any CPU.Build.0 = Debug|Any CPU
		{A6B15538-2D44-4EBB-AB51-17803B1963EA}.Release|Any CPU.ActiveCfg = Release|Any CPU
		{A6B15538-2D44-4EBB-AB51-17803B1963EA}.Release|Any CPU.Build.0 = Release|Any CPU
		{1798FC45-A7CE-4447-B3A7-C567DAC7E32D}.Debug|Any CPU.ActiveCfg = Debug|Any CPU
		{1798FC45-A7CE-4447-B3A7-C567DAC7E32D}.Debug|Any CPU.Build.0 = Debug|Any CPU
		{1798FC45-A7CE-4447-B3A7-C567DAC7E32D}.Release|Any CPU.ActiveCfg = Release|Any CPU
		{1798FC45-A7CE-4447-B3A7-C567DAC7E32D}.Release|Any CPU.Build.0 = Release|Any CPU
		{DE1897C4-A337-4BB4-A81C-0559147F51A9}.Debug|Any CPU.ActiveCfg = Debug|Any CPU
		{DE1897C4-A337-4BB4-A81C-0559147F51A9}.Debug|Any CPU.Build.0 = Debug|Any CPU
		{DE1897C4-A337-4BB4-A81C-0559147F51A9}.Release|Any CPU.ActiveCfg = Release|Any CPU
		{DE1897C4-A337-4BB4-A81C-0559147F51A9}.Release|Any CPU.Build.0 = Release|Any CPU
		{F5D2A77A-D2FD-43D5-9636-F2FBB84AF87E}.Debug|Any CPU.ActiveCfg = Debug|Any CPU
		{F5D2A77A-D2FD-43D5-9636-F2FBB84AF87E}.Debug|Any CPU.Build.0 = Debug|Any CPU
		{F5D2A77A-D2FD-43D5-9636-F2FBB84AF87E}.Release|Any CPU.ActiveCfg = Release|Any CPU
		{F5D2A77A-D2FD-43D5-9636-F2FBB84AF87E}.Release|Any CPU.Build.0 = Release|Any CPU
	EndGlobalSection
	GlobalSection(NestedProjects) = preSolution
		{D09B4D7C-ABE7-47FD-95B2-6B6B1A7E9F7E} = {D44FBE43-F025-4ADF-AC74-E81BCB3AF670}
		{A6B15538-2D44-4EBB-AB51-17803B1963EA} = {D09B4D7C-ABE7-47FD-95B2-6B6B1A7E9F7E}
		{1798FC45-A7CE-4447-B3A7-C567DAC7E32D} = {D09B4D7C-ABE7-47FD-95B2-6B6B1A7E9F7E}
		{DE1897C4-A337-4BB4-A81C-0559147F51A9} = {D09B4D7C-ABE7-47FD-95B2-6B6B1A7E9F7E}
		{57A49104-976C-4234-95DE-3EE21AD11279} = {D44FBE43-F025-4ADF-AC74-E81BCB3AF670}
		{F5D2A77A-D2FD-43D5-9636-F2FBB84AF87E} = {57A49104-976C-4234-95DE-3EE21AD11279}
	EndGlobalSection
EndGlobal
